
Microsoft Visual Studio Solution File, Format Version 12.00
# Visual Studio Version 17
VisualStudioVersion = 17.7.34202.233
MinimumVisualStudioVersion = 10.0.40219.1
Project("{8BC9CEB8-8B4A-11D0-8D11-00A0C91BC942}") = "Project1", "Project1.vcxproj", "{C6BFE6D6-78BA-4EED-AE83-E5F14EAED9CA}"
EndProject
Global
	GlobalSection(SolutionConfigurationPlatforms) = preSolution
		Debug|x64 = Debug|x64
		Debug|x86 = Debug|x86
		Release|x64 = Release|x64
		Release|x86 = Release|x86
	EndGlobalSection
	GlobalSection(ProjectConfigurationPlatforms) = postSolution
		{C6BFE6D6-78BA-4EED-AE83-E5F14EAED9CA}.Debug|x64.ActiveCfg = Debug|x64
		{C6BFE6D6-78BA-4EED-AE83-E5F14EAED9CA}.Debug|x64.Build.0 = Debug|x64
		{C6BFE6D6-78BA-4EED-AE83-E5F14EAED9CA}.Debug|x86.ActiveCfg = Debug|Win32
		{C6BFE6D6-78BA-4EED-AE83-E5F14EAED9CA}.Debug|x86.Build.0 = Debug|Win32
		{C6BFE6D6-78BA-4EED-AE83-E5F14EAED9CA}.Release|x64.ActiveCfg = Release|x64
		{C6BFE6D6-78BA-4EED-AE83-E5F14EAED9CA}.Release|x64.Build.0 = Release|x64
		{C6BFE6D6-78BA-4EED-AE83-E5F14EAED9CA}.Release|x86.ActiveCfg = Release|Win32
		{C6BFE6D6-78BA-4EED-AE83-E5F14EAED9CA}.Release|x86.Build.0 = Release|Win32
	EndGlobalSection
	GlobalSection(SolutionProperties) = preSolution
		HideSolutionNode = FALSE
	EndGlobalSection
	GlobalSection(ExtensibilityGlobals) = postSolution
		SolutionGuid = {19AA69E4-7217-489B-86D4-55446A0DEC8D}
	EndGlobalSection
EndGlobal
